// !$*UTF8*$!
{
	archiveVersion = 1;
	classes = {
	};
	objectVersion = 50;
	objects = {

/* Begin PBXBuildFile section */
		BBBB86EF232204F800A2FF47 /* AppDelegate.m in Sources */ = {isa = PBXBuildFile; fileRef = BBBB86EE232204F800A2FF47 /* AppDelegate.m */; };
		BBBB86F2232204F800A2FF47 /* ViewController.m in Sources */ = {isa = PBXBuildFile; fileRef = BBBB86F1232204F800A2FF47 /* ViewController.m */; };
		BBBB86F5232204F800A2FF47 /* Main.storyboard in Resources */ = {isa = PBXBuildFile; fileRef = BBBB86F3232204F800A2FF47 /* Main.storyboard */; };
		BBBB86F7232204F900A2FF47 /* Assets.xcassets in Resources */ = {isa = PBXBuildFile; fileRef = BBBB86F6232204F900A2FF47 /* Assets.xcassets */; };
		BBBB86FA232204F900A2FF47 /* LaunchScreen.storyboard in Resources */ = {isa = PBXBuildFile; fileRef = BBBB86F8232204F900A2FF47 /* LaunchScreen.storyboard */; };
		BBBB86FD232204F900A2FF47 /* main.m in Sources */ = {isa = PBXBuildFile; fileRef = BBBB86FC232204F900A2FF47 /* main.m */; };
		BBBB87062322059300A2FF47 /* HxTextView.m in Sources */ = {isa = PBXBuildFile; fileRef = BBBB87042322059300A2FF47 /* HxTextView.m */; };
/* End PBXBuildFile section */

/* Begin PBXFileReference section */
		BBBB86EA232204F800A2FF47 /* HxControl.app */ = {isa = PBXFileReference; explicitFileType = wrapper.application; includeInIndex = 0; path = HxControl.app; sourceTree = BUILT_PRODUCTS_DIR; };
		BBBB86ED232204F800A2FF47 /* AppDelegate.h */ = {isa = PBXFileReference; lastKnownFileType = sourcecode.c.h; path = AppDelegate.h; sourceTree = "<group>"; };
		BBBB86EE232204F800A2FF47 /* AppDelegate.m */ = {isa = PBXFileReference; lastKnownFileType = sourcecode.c.objc; path = AppDelegate.m; sourceTree = "<group>"; };
		BBBB86F0232204F800A2FF47 /* ViewController.h */ = {isa = PBXFileReference; lastKnownFileType = sourcecode.c.h; path = ViewController.h; sourceTree = "<group>"; };
		BBBB86F1232204F800A2FF47 /* ViewController.m */ = {isa = PBXFileReference; lastKnownFileType = sourcecode.c.objc; path = ViewController.m; sourceTree = "<group>"; };
		BBBB86F4232204F800A2FF47 /* Base */ = {isa = PBXFileReference; lastKnownFileType = file.storyboard; name = Base; path = Base.lproj/Main.storyboard; sourceTree = "<group>"; };
		BBBB86F6232204F900A2FF47 /* Assets.xcassets */ = {isa = PBXFileReference; lastKnownFileType = folder.assetcatalog; path = Assets.xcassets; sourceTree = "<group>"; };
		BBBB86F9232204F900A2FF47 /* Base */ = {isa = PBXFileReference; lastKnownFileType = file.storyboard; name = Base; path = Base.lproj/LaunchScreen.storyboard; sourceTree = "<group>"; };
		BBBB86FB232204F900A2FF47 /* Info.plist */ = {isa = PBXFileReference; lastKnownFileType = text.plist.xml; path = Info.plist; sourceTree = "<group>"; };
		BBBB86FC232204F900A2FF47 /* main.m */ = {isa = PBXFileReference; lastKnownFileType = sourcecode.c.objc; path = main.m; sourceTree = "<group>"; };
		BBBB87042322059300A2FF47 /* HxTextView.m */ = {isa = PBXFileReference; fileEncoding = 4; lastKnownFileType = sourcecode.c.objc; path = HxTextView.m; sourceTree = "<group>"; };
		BBBB87052322059300A2FF47 /* HxTextView.h */ = {isa = PBXFileReference; fileEncoding = 4; lastKnownFileType = sourcecode.c.h; path = HxTextView.h; sourceTree = "<group>"; };
/* End PBXFileReference section */

/* Begin PBXFrameworksBuildPhase section */
		BBBB86E7232204F800A2FF47 /* Frameworks */ = {
			isa = PBXFrameworksBuildPhase;
			buildActionMask = 2147483647;
			files = (
			);
			runOnlyForDeploymentPostprocessing = 0;
		};
/* End PBXFrameworksBuildPhase section */

/* Begin PBXGroup section */
		BBBB86E1232204F800A2FF47 = {
			isa = PBXGroup;
			children = (
				BBBB86EC232204F800A2FF47 /* HxControl */,
				BBBB86EB232204F800A2FF47 /* Products */,
			);
			sourceTree = "<group>";
		};
		BBBB86EB232204F800A2FF47 /* Products */ = {
			isa = PBXGroup;
			children = (
				BBBB86EA232204F800A2FF47 /* HxControl.app */,
			);
			name = Products;
			sourceTree = "<group>";
		};
		BBBB86EC232204F800A2FF47 /* HxControl */ = {
			isa = PBXGroup;
			children = (
				BBBB87032322059300A2FF47 /* UI */,
				BBBB86ED232204F800A2FF47 /* AppDelegate.h */,
				BBBB86EE232204F800A2FF47 /* AppDelegate.m */,
				BBBB86F0232204F800A2FF47 /* ViewController.h */,
				BBBB86F1232204F800A2FF47 /* ViewController.m */,
				BBBB86F3232204F800A2FF47 /* Main.storyboard */,
				BBBB86F6232204F900A2FF47 /* Assets.xcassets */,
				BBBB86F8232204F900A2FF47 /* LaunchScreen.storyboard */,
				BBBB86FB232204F900A2FF47 /* Info.plist */,
				BBBB86FC232204F900A2FF47 /* main.m */,
			);
			path = HxControl;
			sourceTree = "<group>";
		};
		BBBB87032322059300A2FF47 /* UI */ = {
			isa = PBXGroup;
			children = (
				BBBB87042322059300A2FF47 /* HxTextView.m */,
				BBBB87052322059300A2FF47 /* HxTextView.h */,
			);
			path = UI;
			sourceTree = "<group>";
		};
/* End PBXGroup section */

/* Begin PBXNativeTarget section */
		BBBB86E9232204F800A2FF47 /* HxControl */ = {
			isa = PBXNativeTarget;
			buildConfigurationList = BBBB8700232204F900A2FF47 /* Build configuration list for PBXNativeTarget "HxControl" */;
			buildPhases = (
				BBBB86E6232204F800A2FF47 /* Sources */,
				BBBB86E7232204F800A2FF47 /* Frameworks */,
				BBBB86E8232204F800A2FF47 /* Resources */,
			);
			buildRules = (
			);
			dependencies = (
			);
			name = HxControl;
			productName = HxControl;
			productReference = BBBB86EA232204F800A2FF47 /* HxControl.app */;
			productType = "com.apple.product-type.application";
		};
/* End PBXNativeTarget section */

/* Begin PBXProject section */
		BBBB86E2232204F800A2FF47 /* Project object */ = {
			isa = PBXProject;
			attributes = {
				LastUpgradeCheck = 1020;
				ORGANIZATIONNAME = hanxiao;
				TargetAttributes = {
					BBBB86E9232204F800A2FF47 = {
						CreatedOnToolsVersion = 10.2.1;
					};
				};
			};
			buildConfigurationList = BBBB86E5232204F800A2FF47 /* Build configuration list for PBXProject "HxControl" */;
			compatibilityVersion = "Xcode 9.3";
			developmentRegion = en;
			hasScannedForEncodings = 0;
			knownRegions = (
				en,
				Base,
			);
			mainGroup = BBBB86E1232204F800A2FF47;
			productRefGroup = BBBB86EB232204F800A2FF47 /* Products */;
			projectDirPath = "";
			projectRoot = "";
			targets = (
				BBBB86E9232204F800A2FF47 /* HxControl */,
			);
		};
/* End PBXProject section */

/* Begin PBXResourcesBuildPhase section */
		BBBB86E8232204F800A2FF47 /* Resources */ = {
			isa = PBXResourcesBuildPhase;
			buildActionMask = 2147483647;
			files = (
				BBBB86FA232204F900A2FF47 /* LaunchScreen.storyboard in Resources */,
				BBBB86F7232204F900A2FF47 /* Assets.xcassets in Resources */,
				BBBB86F5232204F800A2FF47 /* Main.storyboard in Resources */,
			);
			runOnlyForDeploymentPostprocessing = 0;
		};
/* End PBXResourcesBuildPhase section */

/* Begin PBXSourcesBuildPhase section */
		BBBB86E6232204F800A2FF47 /* Sources */ = {
			isa = PBXSourcesBuildPhase;
			buildActionMask = 2147483647;
			files = (
				BBBB86F2232204F800A2FF47 /* ViewController.m in Sources */,
				BBBB86FD232204F900A2FF47 /* main.m in Sources */,
				BBBB86EF232204F800A2FF47 /* AppDelegate.m in Sources */,
				BBBB87062322059300A2FF47 /* HxTextView.m in Sources */,
			);
			runOnlyForDeploymentPostprocessing = 0;
		};
/* End PBXSourcesBuildPhase section */

/* Begin PBXVariantGroup section */
		BBBB86F3232204F800A2FF47 /* Main.storyboard */ = {
			isa = PBXVariantGroup;
			children = (
				BBBB86F4232204F800A2FF47 /* Base */,
			);
			name = Main.storyboard;
			sourceTree = "<group>";
		};
		BBBB86F8232204F900A2FF47 /* LaunchScreen.storyboard */ = {
			isa = PBXVariantGroup;
			children = (
				BBBB86F9232204F900A2FF47 /* Base */,
			);
			name = LaunchScreen.storyboard;
			sourceTree = "<group>";
		};
/* End PBXVariantGroup section */

/* Begin XCBuildConfiguration section */
		BBBB86FE232204F900A2FF47 /* Debug */ = {
			isa = XCBuildConfiguration;
			buildSettings = {
				ALWAYS_SEARCH_USER_PATHS = NO;
				CLANG_ANALYZER_NONNULL = YES;
				CLANG_ANALYZER_NUMBER_OBJECT_CONVERSION = YES_AGGRESSIVE;
				CLANG_CXX_LANGUAGE_STANDARD = "gnu++14";
				CLANG_CXX_LIBRARY = "libc++";
				CLANG_ENABLE_MODULES = YES;
				CLANG_ENABLE_OBJC_ARC = YES;
				CLANG_ENABLE_OBJC_WEAK = YES;
				CLANG_WARN_BLOCK_CAPTURE_AUTORELEASING = YES;
				CLANG_WARN_BOOL_CONVERSION = YES;
				CLANG_WARN_COMMA = YES;
				CLANG_WARN_CONSTANT_CONVERSION = YES;
				CLANG_WARN_DEPRECATED_OBJC_IMPLEMENTATIONS = YES;
				CLANG_WARN_DIRECT_OBJC_ISA_USAGE = YES_ERROR;
				CLANG_WARN_DOCUMENTATION_COMMENTS = YES;
				CLANG_WARN_EMPTY_BODY = YES;
				CLANG_WARN_ENUM_CONVERSION = YES;
				CLANG_WARN_INFINITE_RECURSION = YES;
				CLANG_WARN_INT_CONVERSION = YES;
				CLANG_WARN_NON_LITERAL_NULL_CONVERSION = YES;
				CLANG_WARN_OBJC_IMPLICIT_RETAIN_SELF = YES;
				CLANG_WARN_OBJC_LITERAL_CONVERSION = YES;
				CLANG_WARN_OBJC_ROOT_CLASS = YES_ERROR;
				CLANG_WARN_RANGE_LOOP_ANALYSIS = YES;
				CLANG_WARN_STRICT_PROTOTYPES = YES;
				CLANG_WARN_SUSPICIOUS_MOVE = YES;
				CLANG_WARN_UNGUARDED_AVAILABILITY = YES_AGGRESSIVE;
				CLANG_WARN_UNREACHABLE_CODE = YES;
				CLANG_WARN__DUPLICATE_METHOD_MATCH = YES;
				CODE_SIGN_IDENTITY = "iPhone Developer";
				COPY_PHASE_STRIP = NO;
				DEBUG_INFORMATION_FORMAT = dwarf;
				ENABLE_STRICT_OBJC_MSGSEND = YES;
				ENABLE_TESTABILITY = YES;
				GCC_C_LANGUAGE_STANDARD = gnu11;
				GCC_DYNAMIC_NO_PIC = NO;
				GCC_NO_COMMON_BLOCKS = YES;
				GCC_OPTIMIZATION_LEVEL = 0;
				GCC_PREPROCESSOR_DEFINITIONS = (
					"DEBUG=1",
					"$(inherited)",
				);
				GCC_WARN_64_TO_32_BIT_CONVERSION = YES;
				GCC_WARN_ABOUT_RETURN_TYPE = YES_ERROR;
				GCC_WARN_UNDECLARED_SELECTOR = YES;
				GCC_WARN_UNINITIALIZED_AUTOS = YES_AGGRESSIVE;
				GCC_WARN_UNUSED_FUNCTION = YES;
				GCC_WARN_UNUSED_VARIABLE = YES;
				IPHONEOS_DEPLOYMENT_TARGET = 12.2;
				MTL_ENABLE_DEBUG_INFO = INCLUDE_SOURCE;
				MTL_FAST_MATH = YES;
				ONLY_ACTIVE_ARCH = YES;
				SDKROOT = iphoneos;
			};
			name = Debug;
		};
		BBBB86FF232204F900A2FF47 /* Release */ = {
			isa = XCBuildConfiguration;
			buildSettings = {
				ALWAYS_SEARCH_USER_PATHS = NO;
				CLANG_ANALYZER_NONNULL = YES;
				CLANG_ANALYZER_NUMBER_OBJECT_CONVERSION = YES_AGGRESSIVE;
				CLANG_CXX_LANGUAGE_STANDARD = "gnu++14";
				CLANG_CXX_LIBRARY = "libc++";
				CLANG_ENABLE_MODULES = YES;
				CLANG_ENABLE_OBJC_ARC = YES;
				CLANG_ENABLE_OBJC_WEAK = YES;
				CLANG_WARN_BLOCK_CAPTURE_AUTORELEASING = YES;
				CLANG_WARN_BOOL_CONVERSION = YES;
				CLANG_WARN_COMMA = YES;
				CLANG_WARN_CONSTANT_CONVERSION = YES;
				CLANG_WARN_DEPRECATED_OBJC_IMPLEMENTATIONS = YES;
				CLANG_WARN_DIRECT_OBJC_ISA_USAGE = YES_ERROR;
				CLANG_WARN_DOCUMENTATION_COMMENTS = YES;
				CLANG_WARN_EMPTY_BODY = YES;
				CLANG_WARN_ENUM_CONVERSION = YES;
				CLANG_WARN_INFINITE_RECURSION = YES;
				CLANG_WARN_INT_CONVERSION = YES;
				CLANG_WARN_NON_LITERAL_NULL_CONVERSION = YES;
				CLANG_WARN_OBJC_IMPLICIT_RETAIN_SELF = YES;
				CLANG_WARN_OBJC_LITERAL_CONVERSION = YES;
				CLANG_WARN_OBJC_ROOT_CLASS = YES_ERROR;
				CLANG_WARN_RANGE_LOOP_ANALYSIS = YES;
				CLANG_WARN_STRICT_PROTOTYPES = YES;
				CLANG_WARN_SUSPICIOUS_MOVE = YES;
				CLANG_WARN_UNGUARDED_AVAILABILITY = YES_AGGRESSIVE;
				CLANG_WARN_UNREACHABLE_CODE = YES;
				CLANG_WARN__DUPLICATE_METHOD_MATCH = YES;
				CODE_SIGN_IDENTITY = "iPhone Developer";
				COPY_PHASE_STRIP = NO;
				DEBUG_INFORMATION_FORMAT = "dwarf-with-dsym";
				ENABLE_NS_ASSERTIONS = NO;
				ENABLE_STRICT_OBJC_MSGSEND = YES;
				GCC_C_LANGUAGE_STANDARD = gnu11;
				GCC_NO_COMMON_BLOCKS = YES;
				GCC_WARN_64_TO_32_BIT_CONVERSION = YES;
				GCC_WARN_ABOUT_RETURN_TYPE = YES_ERROR;
				GCC_WARN_UNDECLARED_SELECTOR = YES;
				GCC_WARN_UNINITIALIZED_AUTOS = YES_AGGRESSIVE;
				GCC_WARN_UNUSED_FUNCTION = YES;
				GCC_WARN_UNUSED_VARIABLE = YES;
				IPHONEOS_DEPLOYMENT_TARGET = 12.2;
				MTL_ENABLE_DEBUG_INFO = NO;
				MTL_FAST_MATH = YES;
				SDKROOT = iphoneos;
				VALIDATE_PRODUCT = YES;
			};
			name = Release;
		};
		BBBB8701232204F900A2FF47 /* Debug */ = {
			isa = XCBuildConfiguration;
			buildSettings = {
				ASSETCATALOG_COMPILER_APPICON_NAME = AppIcon;
				CODE_SIGN_STYLE = Automatic;
				INFOPLIST_FILE = HxControl/Info.plist;
				IPHONEOS_DEPLOYMENT_TARGET = 9.0;
				LD_RUNPATH_SEARCH_PATHS = (
					"$(inherited)",
					"@executable_path/Frameworks",
				);
				PRODUCT_BUNDLE_IDENTIFIER = com.hanxiao.demo.HxControl;
				PRODUCT_NAME = "$(TARGET_NAME)";
				TARGETED_DEVICE_FAMILY = "1,2";
			};
			name = Debug;
		};
		BBBB8702232204F900A2FF47 /* Release */ = {
			isa = XCBuildConfiguration;
			buildSettings = {
				ASSETCATALOG_COMPILER_APPICON_NAME = AppIcon;
				CODE_SIGN_STYLE = Automatic;
				INFOPLIST_FILE = HxControl/Info.plist;
				IPHONEOS_DEPLOYMENT_TARGET = 9.0;
				LD_RUNPATH_SEARCH_PATHS = (
					"$(inherited)",
					"@executable_path/Frameworks",
				);
				PRODUCT_BUNDLE_IDENTIFIER = com.hanxiao.demo.HxControl;
				PRODUCT_NAME = "$(TARGET_NAME)";
				TARGETED_DEVICE_FAMILY = "1,2";
			};
			name = Release;
		};
/* End XCBuildConfiguration section */

/* Begin XCConfigurationList section */
		BBBB86E5232204F800A2FF47 /* Build configuration list for PBXProject "HxControl" */ = {
			isa = XCConfigurationList;
			buildConfigurations = (
				BBBB86FE232204F900A2FF47 /* Debug */,
				BBBB86FF232204F900A2FF47 /* Release */,
			);
			defaultConfigurationIsVisible = 0;
			defaultConfigurationName = Release;
		};
		BBBB8700232204F900A2FF47 /* Build configuration list for PBXNativeTarget "HxControl" */ = {
			isa = XCConfigurationList;
			buildConfigurations = (
				BBBB8701232204F900A2FF47 /* Debug */,
				BBBB8702232204F900A2FF47 /* Release */,
			);
			defaultConfigurationIsVisible = 0;
			defaultConfigurationName = Release;
		};
/* End XCConfigurationList section */
	};
	rootObject = BBBB86E2232204F800A2FF47 /* Project object */;
}
